
Microsoft Visual Studio Solution File, Format Version 12.00
Project("{FAE04EC0-301F-11D3-BF4B-00C04F79EFBC}") = "ThisPresentationDoesNotExist", "ThisPresentationDoesNotExist\ThisPresentationDoesNotExist.csproj", "{174F97B3-B162-467E-9A8A-5C1DBE218BB2}"
EndProject
Global
	GlobalSection(SolutionConfigurationPlatforms) = preSolution
		Debug|Any CPU = Debug|Any CPU
		Debug|x64 = Debug|x64
		Release|Any CPU = Release|Any CPU
	EndGlobalSection
	GlobalSection(ProjectConfigurationPlatforms) = postSolution
		{174F97B3-B162-467E-9A8A-5C1DBE218BB2}.Release|Any CPU.ActiveCfg = Release|Any CPU
		{174F97B3-B162-467E-9A8A-5C1DBE218BB2}.Release|Any CPU.Build.0 = Release|Any CPU
		{174F97B3-B162-467E-9A8A-5C1DBE218BB2}.Debug|Any CPU.ActiveCfg = Debug|Any CPU
		{174F97B3-B162-467E-9A8A-5C1DBE218BB2}.Debug|Any CPU.Build.0 = Debug|Any CPU
		{174F97B3-B162-467E-9A8A-5C1DBE218BB2}.Debug|x64.ActiveCfg = Debug|x64
		{174F97B3-B162-467E-9A8A-5C1DBE218BB2}.Debug|x64.Build.0 = Debug|x64
	EndGlobalSection
EndGlobal
